
Microsoft Visual Studio Solution File, Format Version 12.00
# Visual Studio 2012
Project("{2150E333-8FDC-42A3-9474-1A3956D46DE8}") = ".nuget", ".nuget", "{49CE803E-EE56-4C58-B100-DAB09E52B951}"
	ProjectSection(SolutionItems) = preProject
		.nuget\NuGet.Config = .nuget\NuGet.Config
		.nuget\NuGet.exe = .nuget\NuGet.exe
		.nuget\NuGet.targets = .nuget\NuGet.targets
	EndProjectSection
EndProject
Project("{FAE04EC0-301F-11D3-BF4B-00C04F79EFBC}") = "Pollka", "Pollka\Pollka.csproj", "{1CC67091-9232-450F-9C83-B47E00EF90E0}"
EndProject
Project("{FAE04EC0-301F-11D3-BF4B-00C04F79EFBC}") = "Pollka.Tests", "Pollka.Tests\Pollka.Tests.csproj", "{ABF09EC9-0551-4BEB-B6AE-8FBEFF73A428}"
EndProject
Project("{FAE04EC0-301F-11D3-BF4B-00C04F79EFBC}") = "Pollka.IntegrationTests", "Pollka.IntegrationTests\Pollka.IntegrationTests.csproj", "{6015666A-5261-4105-A351-89AAB1B3CAC7}"
EndProject
Project("{FAE04EC0-301F-11D3-BF4B-00C04F79EFBC}") = "ConsoleApplication1", "ConsoleApplication1\ConsoleApplication1.csproj", "{FC5C2075-7BBB-4D8E-811C-0BDD8A29B566}"
EndProject
Global
	GlobalSection(SolutionConfigurationPlatforms) = preSolution
		Debug|Any CPU = Debug|Any CPU
		Release|Any CPU = Release|Any CPU
	EndGlobalSection
	GlobalSection(ProjectConfigurationPlatforms) = postSolution
		{1CC67091-9232-450F-9C83-B47E00EF90E0}.Debug|Any CPU.ActiveCfg = Debug|Any CPU
		{1CC67091-9232-450F-9C83-B47E00EF90E0}.Debug|Any CPU.Build.0 = Debug|Any CPU
		{1CC67091-9232-450F-9C83-B47E00EF90E0}.Release|Any CPU.ActiveCfg = Release|Any CPU
		{1CC67091-9232-450F-9C83-B47E00EF90E0}.Release|Any CPU.Build.0 = Release|Any CPU
		{ABF09EC9-0551-4BEB-B6AE-8FBEFF73A428}.Debug|Any CPU.ActiveCfg = Debug|Any CPU
		{ABF09EC9-0551-4BEB-B6AE-8FBEFF73A428}.Debug|Any CPU.Build.0 = Debug|Any CPU
		{ABF09EC9-0551-4BEB-B6AE-8FBEFF73A428}.Release|Any CPU.ActiveCfg = Release|Any CPU
		{ABF09EC9-0551-4BEB-B6AE-8FBEFF73A428}.Release|Any CPU.Build.0 = Release|Any CPU
		{6015666A-5261-4105-A351-89AAB1B3CAC7}.Debug|Any CPU.ActiveCfg = Debug|Any CPU
		{6015666A-5261-4105-A351-89AAB1B3CAC7}.Debug|Any CPU.Build.0 = Debug|Any CPU
		{6015666A-5261-4105-A351-89AAB1B3CAC7}.Release|Any CPU.ActiveCfg = Release|Any CPU
		{6015666A-5261-4105-A351-89AAB1B3CAC7}.Release|Any CPU.Build.0 = Release|Any CPU
		{FC5C2075-7BBB-4D8E-811C-0BDD8A29B566}.Debug|Any CPU.ActiveCfg = Debug|Any CPU
		{FC5C2075-7BBB-4D8E-811C-0BDD8A29B566}.Debug|Any CPU.Build.0 = Debug|Any CPU
		{FC5C2075-7BBB-4D8E-811C-0BDD8A29B566}.Release|Any CPU.ActiveCfg = Release|Any CPU
		{FC5C2075-7BBB-4D8E-811C-0BDD8A29B566}.Release|Any CPU.Build.0 = Release|Any CPU
	EndGlobalSection
	GlobalSection(SolutionProperties) = preSolution
		HideSolutionNode = FALSE
	EndGlobalSection
EndGlobal
